// !$*UTF8*$!
{
	archiveVersion = 1;
	classes = {
	};
	objectVersion = 48;
	objects = {

/* Begin PBXBuildFile section */
		995A76A61F30E84E0047554E /* AppDelegate.swift in Sources */ = {isa = PBXBuildFile; fileRef = 995A76A51F30E84E0047554E /* AppDelegate.swift */; };
		995A76A81F30E84E0047554E /* ViewController.swift in Sources */ = {isa = PBXBuildFile; fileRef = 995A76A71F30E84E0047554E /* ViewController.swift */; };
		995A76AB1F30E84E0047554E /* Main.storyboard in Resources */ = {isa = PBXBuildFile; fileRef = 995A76A91F30E84E0047554E /* Main.storyboard */; };
		995A76AE1F30E84E0047554E /* The_Movie.xcdatamodeld in Sources */ = {isa = PBXBuildFile; fileRef = 995A76AC1F30E84E0047554E /* The_Movie.xcdatamodeld */; };
		995A76B01F30E84E0047554E /* Assets.xcassets in Resources */ = {isa = PBXBuildFile; fileRef = 995A76AF1F30E84E0047554E /* Assets.xcassets */; };
		995A76B31F30E84E0047554E /* LaunchScreen.storyboard in Resources */ = {isa = PBXBuildFile; fileRef = 995A76B11F30E84E0047554E /* LaunchScreen.storyboard */; };
/* End PBXBuildFile section */

/* Begin PBXFileReference section */
		995A76A21F30E84E0047554E /* The Movie.app */ = {isa = PBXFileReference; explicitFileType = wrapper.application; includeInIndex = 0; path = "The Movie.app"; sourceTree = BUILT_PRODUCTS_DIR; };
		995A76A51F30E84E0047554E /* AppDelegate.swift */ = {isa = PBXFileReference; lastKnownFileType = sourcecode.swift; path = AppDelegate.swift; sourceTree = "<group>"; };
		995A76A71F30E84E0047554E /* ViewController.swift */ = {isa = PBXFileReference; lastKnownFileType = sourcecode.swift; path = ViewController.swift; sourceTree = "<group>"; };
		995A76AA1F30E84E0047554E /* Base */ = {isa = PBXFileReference; lastKnownFileType = file.storyboard; name = Base; path = Base.lproj/Main.storyboard; sourceTree = "<group>"; };
		995A76AD1F30E84E0047554E /* The_Movie.xcdatamodel */ = {isa = PBXFileReference; lastKnownFileType = wrapper.xcdatamodel; path = The_Movie.xcdatamodel; sourceTree = "<group>"; };
		995A76AF1F30E84E0047554E /* Assets.xcassets */ = {isa = PBXFileReference; lastKnownFileType = folder.assetcatalog; path = Assets.xcassets; sourceTree = "<group>"; };
		995A76B21F30E84E0047554E /* Base */ = {isa = PBXFileReference; lastKnownFileType = file.storyboard; name = Base; path = Base.lproj/LaunchScreen.storyboard; sourceTree = "<group>"; };
		995A76B41F30E84E0047554E /* Info.plist */ = {isa = PBXFileReference; lastKnownFileType = text.plist.xml; path = Info.plist; sourceTree = "<group>"; };
/* End PBXFileReference section */

/* Begin PBXFrameworksBuildPhase section */
		995A769F1F30E84E0047554E /* Frameworks */ = {
			isa = PBXFrameworksBuildPhase;
			buildActionMask = 2147483647;
			files = (
			);
			runOnlyForDeploymentPostprocessing = 0;
		};
/* End PBXFrameworksBuildPhase section */

/* Begin PBXGroup section */
		995A76991F30E84E0047554E = {
			isa = PBXGroup;
			children = (
				995A76A41F30E84E0047554E /* The Movie */,
				995A76A31F30E84E0047554E /* Products */,
			);
			sourceTree = "<group>";
		};
		995A76A31F30E84E0047554E /* Products */ = {
			isa = PBXGroup;
			children = (
				995A76A21F30E84E0047554E /* The Movie.app */,
			);
			name = Products;
			sourceTree = "<group>";
		};
		995A76A41F30E84E0047554E /* The Movie */ = {
			isa = PBXGroup;
			children = (
				995A76A51F30E84E0047554E /* AppDelegate.swift */,
				995A76A71F30E84E0047554E /* ViewController.swift */,
				995A76A91F30E84E0047554E /* Main.storyboard */,
				995A76AF1F30E84E0047554E /* Assets.xcassets */,
				995A76B11F30E84E0047554E /* LaunchScreen.storyboard */,
				995A76B41F30E84E0047554E /* Info.plist */,
				995A76AC1F30E84E0047554E /* The_Movie.xcdatamodeld */,
			);
			path = "The Movie";
			sourceTree = "<group>";
		};
/* End PBXGroup section */

/* Begin PBXNativeTarget section */
		995A76A11F30E84E0047554E /* The Movie */ = {
			isa = PBXNativeTarget;
			buildConfigurationList = 995A76B71F30E84E0047554E /* Build configuration list for PBXNativeTarget "The Movie" */;
			buildPhases = (
				995A769E1F30E84E0047554E /* Sources */,
				995A769F1F30E84E0047554E /* Frameworks */,
				995A76A01F30E84E0047554E /* Resources */,
			);
			buildRules = (
			);
			dependencies = (
			);
			name = "The Movie";
			productName = "The Movie";
			productReference = 995A76A21F30E84E0047554E /* The Movie.app */;
			productType = "com.apple.product-type.application";
		};
/* End PBXNativeTarget section */

/* Begin PBXProject section */
		995A769A1F30E84E0047554E /* Project object */ = {
			isa = PBXProject;
			attributes = {
				LastSwiftUpdateCheck = 0900;
				LastUpgradeCheck = 0900;
				ORGANIZATIONNAME = "Win Than Htike";
				TargetAttributes = {
					995A76A11F30E84E0047554E = {
						CreatedOnToolsVersion = 9.0;
					};
				};
			};
			buildConfigurationList = 995A769D1F30E84E0047554E /* Build configuration list for PBXProject "The Movie" */;
			compatibilityVersion = "Xcode 8.0";
			developmentRegion = en;
			hasScannedForEncodings = 0;
			knownRegions = (
				en,
				Base,
			);
			mainGroup = 995A76991F30E84E0047554E;
			productRefGroup = 995A76A31F30E84E0047554E /* Products */;
			projectDirPath = "";
			projectRoot = "";
			targets = (
				995A76A11F30E84E0047554E /* The Movie */,
			);
		};
/* End PBXProject section */

/* Begin PBXResourcesBuildPhase section */
		995A76A01F30E84E0047554E /* Resources */ = {
			isa = PBXResourcesBuildPhase;
			buildActionMask = 2147483647;
			files = (
				995A76B31F30E84E0047554E /* LaunchScreen.storyboard in Resources */,
				995A76B01F30E84E0047554E /* Assets.xcassets in Resources */,
				995A76AB1F30E84E0047554E /* Main.storyboard in Resources */,
			);
			runOnlyForDeploymentPostprocessing = 0;
		};
/* End PBXResourcesBuildPhase section */

/* Begin PBXSourcesBuildPhase section */
		995A769E1F30E84E0047554E /* Sources */ = {
			isa = PBXSourcesBuildPhase;
			buildActionMask = 2147483647;
			files = (
				995A76A81F30E84E0047554E /* ViewController.swift in Sources */,
				995A76AE1F30E84E0047554E /* The_Movie.xcdatamodeld in Sources */,
				995A76A61F30E84E0047554E /* AppDelegate.swift in Sources */,
			);
			runOnlyForDeploymentPostprocessing = 0;
		};
/* End PBXSourcesBuildPhase section */

/* Begin PBXVariantGroup section */
		995A76A91F30E84E0047554E /* Main.storyboard */ = {
			isa = PBXVariantGroup;
			children = (
				995A76AA1F30E84E0047554E /* Base */,
			);
			name = Main.storyboard;
			sourceTree = "<group>";
		};
		995A76B11F30E84E0047554E /* LaunchScreen.storyboard */ = {
			isa = PBXVariantGroup;
			children = (
				995A76B21F30E84E0047554E /* Base */,
			);
			name = LaunchScreen.storyboard;
			sourceTree = "<group>";
		};
/* End PBXVariantGroup section */

/* Begin XCBuildConfiguration section */
		995A76B51F30E84E0047554E /* Debug */ = {
			isa = XCBuildConfiguration;
			buildSettings = {
				ALWAYS_SEARCH_USER_PATHS = NO;
				CLANG_ANALYZER_NONNULL = YES;
				CLANG_ANALYZER_NUMBER_OBJECT_CONVERSION = YES_AGGRESSIVE;
				CLANG_CXX_LANGUAGE_STANDARD = "gnu++14";
				CLANG_CXX_LIBRARY = "libc++";
				CLANG_ENABLE_MODULES = YES;
				CLANG_ENABLE_OBJC_ARC = YES;
				CLANG_WARN_BLOCK_CAPTURE_AUTORELEASING = YES;
				CLANG_WARN_BOOL_CONVERSION = YES;
				CLANG_WARN_COMMA = YES;
				CLANG_WARN_CONSTANT_CONVERSION = YES;
				CLANG_WARN_DIRECT_OBJC_ISA_USAGE = YES_ERROR;
				CLANG_WARN_DOCUMENTATION_COMMENTS = YES;
				CLANG_WARN_EMPTY_BODY = YES;
				CLANG_WARN_ENUM_CONVERSION = YES;
				CLANG_WARN_INFINITE_RECURSION = YES;
				CLANG_WARN_INT_CONVERSION = YES;
				CLANG_WARN_OBJC_ROOT_CLASS = YES_ERROR;
				CLANG_WARN_RANGE_LOOP_ANALYSIS = YES;
				CLANG_WARN_STRICT_PROTOTYPES = YES;
				CLANG_WARN_SUSPICIOUS_MOVE = YES;
				CLANG_WARN_UNGUARDED_AVAILABILITY = YES_AGGRESSIVE;
				CLANG_WARN_UNREACHABLE_CODE = YES;
				CLANG_WARN__DUPLICATE_METHOD_MATCH = YES;
				CODE_SIGN_IDENTITY = "iPhone Developer";
				COPY_PHASE_STRIP = NO;
				DEBUG_INFORMATION_FORMAT = dwarf;
				ENABLE_STRICT_OBJC_MSGSEND = YES;
				ENABLE_TESTABILITY = YES;
				GCC_C_LANGUAGE_STANDARD = gnu11;
				GCC_DYNAMIC_NO_PIC = NO;
				GCC_NO_COMMON_BLOCKS = YES;
				GCC_OPTIMIZATION_LEVEL = 0;
				GCC_PREPROCESSOR_DEFINITIONS = (
					"DEBUG=1",
					"$(inherited)",
				);
				GCC_WARN_64_TO_32_BIT_CONVERSION = YES;
				GCC_WARN_ABOUT_RETURN_TYPE = YES_ERROR;
				GCC_WARN_UNDECLARED_SELECTOR = YES;
				GCC_WARN_UNINITIALIZED_AUTOS = YES_AGGRESSIVE;
				GCC_WARN_UNUSED_FUNCTION = YES;
				GCC_WARN_UNUSED_VARIABLE = YES;
				IPHONEOS_DEPLOYMENT_TARGET = 11.0;
				MTL_ENABLE_DEBUG_INFO = YES;
				ONLY_ACTIVE_ARCH = YES;
				SDKROOT = iphoneos;
				SWIFT_ACTIVE_COMPILATION_CONDITIONS = DEBUG;
				SWIFT_OPTIMIZATION_LEVEL = "-Onone";
			};
			name = Debug;
		};
		995A76B61F30E84E0047554E /* Release */ = {
			isa = XCBuildConfiguration;
			buildSettings = {
				ALWAYS_SEARCH_USER_PATHS = NO;
				CLANG_ANALYZER_NONNULL = YES;
				CLANG_ANALYZER_NUMBER_OBJECT_CONVERSION = YES_AGGRESSIVE;
				CLANG_CXX_LANGUAGE_STANDARD = "gnu++14";
				CLANG_CXX_LIBRARY = "libc++";
				CLANG_ENABLE_MODULES = YES;
				CLANG_ENABLE_OBJC_ARC = YES;
				CLANG_WARN_BLOCK_CAPTURE_AUTORELEASING = YES;
				CLANG_WARN_BOOL_CONVERSION = YES;
				CLANG_WARN_COMMA = YES;
				CLANG_WARN_CONSTANT_CONVERSION = YES;
				CLANG_WARN_DIRECT_OBJC_ISA_USAGE = YES_ERROR;
				CLANG_WARN_DOCUMENTATION_COMMENTS = YES;
				CLANG_WARN_EMPTY_BODY = YES;
				CLANG_WARN_ENUM_CONVERSION = YES;
				CLANG_WARN_INFINITE_RECURSION = YES;
				CLANG_WARN_INT_CONVERSION = YES;
				CLANG_WARN_OBJC_ROOT_CLASS = YES_ERROR;
				CLANG_WARN_RANGE_LOOP_ANALYSIS = YES;
				CLANG_WARN_STRICT_PROTOTYPES = YES;
				CLANG_WARN_SUSPICIOUS_MOVE = YES;
				CLANG_WARN_UNGUARDED_AVAILABILITY = YES_AGGRESSIVE;
				CLANG_WARN_UNREACHABLE_CODE = YES;
				CLANG_WARN__DUPLICATE_METHOD_MATCH = YES;
				CODE_SIGN_IDENTITY = "iPhone Developer";
				COPY_PHASE_STRIP = NO;
				DEBUG_INFORMATION_FORMAT = "dwarf-with-dsym";
				ENABLE_NS_ASSERTIONS = NO;
				ENABLE_STRICT_OBJC_MSGSEND = YES;
				GCC_C_LANGUAGE_STANDARD = gnu11;
				GCC_NO_COMMON_BLOCKS = YES;
				GCC_WARN_64_TO_32_BIT_CONVERSION = YES;
				GCC_WARN_ABOUT_RETURN_TYPE = YES_ERROR;
				GCC_WARN_UNDECLARED_SELECTOR = YES;
				GCC_WARN_UNINITIALIZED_AUTOS = YES_AGGRESSIVE;
				GCC_WARN_UNUSED_FUNCTION = YES;
				GCC_WARN_UNUSED_VARIABLE = YES;
				IPHONEOS_DEPLOYMENT_TARGET = 11.0;
				MTL_ENABLE_DEBUG_INFO = NO;
				SDKROOT = iphoneos;
				SWIFT_OPTIMIZATION_LEVEL = "-Owholemodule";
				VALIDATE_PRODUCT = YES;
			};
			name = Release;
		};
		995A76B81F30E84E0047554E /* Debug */ = {
			isa = XCBuildConfiguration;
			buildSettings = {
				ASSETCATALOG_COMPILER_APPICON_NAME = AppIcon;
				DEVELOPMENT_TEAM = UJMNWH9QMX;
				INFOPLIST_FILE = "The Movie/Info.plist";
				LD_RUNPATH_SEARCH_PATHS = "$(inherited) @executable_path/Frameworks";
				PRODUCT_BUNDLE_IDENTIFIER = "com.winthan.The-Movie";
				PRODUCT_NAME = "$(TARGET_NAME)";
				SWIFT_VERSION = 4.0;
				TARGETED_DEVICE_FAMILY = "1,2";
			};
			name = Debug;
		};
		995A76B91F30E84E0047554E /* Release */ = {
			isa = XCBuildConfiguration;
			buildSettings = {
				ASSETCATALOG_COMPILER_APPICON_NAME = AppIcon;
				DEVELOPMENT_TEAM = UJMNWH9QMX;
				INFOPLIST_FILE = "The Movie/Info.plist";
				LD_RUNPATH_SEARCH_PATHS = "$(inherited) @executable_path/Frameworks";
				PRODUCT_BUNDLE_IDENTIFIER = "com.winthan.The-Movie";
				PRODUCT_NAME = "$(TARGET_NAME)";
				SWIFT_VERSION = 4.0;
				TARGETED_DEVICE_FAMILY = "1,2";
			};
			name = Release;
		};
/* End XCBuildConfiguration section */

/* Begin XCConfigurationList section */
		995A769D1F30E84E0047554E /* Build configuration list for PBXProject "The Movie" */ = {
			isa = XCConfigurationList;
			buildConfigurations = (
				995A76B51F30E84E0047554E /* Debug */,
				995A76B61F30E84E0047554E /* Release */,
			);
			defaultConfigurationIsVisible = 0;
			defaultConfigurationName = Release;
		};
		995A76B71F30E84E0047554E /* Build configuration list for PBXNativeTarget "The Movie" */ = {
			isa = XCConfigurationList;
			buildConfigurations = (
				995A76B81F30E84E0047554E /* Debug */,
				995A76B91F30E84E0047554E /* Release */,
			);
			defaultConfigurationIsVisible = 0;
		};
/* End XCConfigurationList section */

/* Begin XCVersionGroup section */
		995A76AC1F30E84E0047554E /* The_Movie.xcdatamodeld */ = {
			isa = XCVersionGroup;
			children = (
				995A76AD1F30E84E0047554E /* The_Movie.xcdatamodel */,
			);
			currentVersion = 995A76AD1F30E84E0047554E /* The_Movie.xcdatamodel */;
			path = The_Movie.xcdatamodeld;
			sourceTree = "<group>";
			versionGroupType = wrapper.xcdatamodel;
		};
/* End XCVersionGroup section */
	};
	rootObject = 995A769A1F30E84E0047554E /* Project object */;
}
